
Microsoft Visual Studio Solution File, Format Version 12.00
# Visual Studio 14
VisualStudioVersion = 14.0.23107.0
MinimumVisualStudioVersion = 10.0.40219.1
Project("{2150E333-8FDC-42A3-9474-1A3956D46DE8}") = "src", "src", "{23D3DF4D-4B48-4783-B50E-319BDE3A608A}"
EndProject
Project("{2150E333-8FDC-42A3-9474-1A3956D46DE8}") = "Solution Items", "Solution Items", "{6AE3074E-C1AD-45FB-A4C7-01493F851B6A}"
	ProjectSection(SolutionItems) = preProject
		global.json = global.json
	EndProjectSection
EndProject
Project("{FAE04EC0-301F-11D3-BF4B-00C04F79EFBC}") = "UsefulExtensions", "UsefulExtensions\UsefulExtensions.csproj", "{749C5ED1-1DF5-4F38-8169-8427868D0F65}"
EndProject
Global
	GlobalSection(SolutionConfigurationPlatforms) = preSolution
		Debug|Any CPU = Debug|Any CPU
		Release|Any CPU = Release|Any CPU
	EndGlobalSection
	GlobalSection(ProjectConfigurationPlatforms) = postSolution
		{749C5ED1-1DF5-4F38-8169-8427868D0F65}.Debug|Any CPU.ActiveCfg = Debug|Any CPU
		{749C5ED1-1DF5-4F38-8169-8427868D0F65}.Debug|Any CPU.Build.0 = Debug|Any CPU
		{749C5ED1-1DF5-4F38-8169-8427868D0F65}.Release|Any CPU.ActiveCfg = Release|Any CPU
		{749C5ED1-1DF5-4F38-8169-8427868D0F65}.Release|Any CPU.Build.0 = Release|Any CPU
	EndGlobalSection
	GlobalSection(SolutionProperties) = preSolution
		HideSolutionNode = FALSE
	EndGlobalSection
	GlobalSection(NestedProjects) = preSolution
		{749C5ED1-1DF5-4F38-8169-8427868D0F65} = {23D3DF4D-4B48-4783-B50E-319BDE3A608A}
	EndGlobalSection
EndGlobal
